
Microsoft Visual Studio Solution File, Format Version 12.00
# Visual Studio Version 17
VisualStudioVersion = 17.11.35303.130
MinimumVisualStudioVersion = 10.0.40219.1
Project("{9A19103F-16F7-4668-BE54-9A1E7A4F7556}") = "Lesson 16 - Linq", "Lesson 16 - Linq\Lesson 16 - Linq.csproj", "{5AEC2876-E95A-4B73-8718-5F13FE07538C}"
	ProjectSection(ProjectDependencies) = postProject
		{83108DE9-88E8-44CB-95A5-B65439663A82} = {83108DE9-88E8-44CB-95A5-B65439663A82}
	EndProjectSection
EndProject
Project("{9A19103F-16F7-4668-BE54-9A1E7A4F7556}") = "CustomAlgorithm1", "CustomAlgorithm1\CustomAlgorithm1.csproj", "{83108DE9-88E8-44CB-95A5-B65439663A82}"
EndProject
Project("{9A19103F-16F7-4668-BE54-9A1E7A4F7556}") = "CustomAlgorithm1.Tests", "TestProject1\CustomAlgorithm1.Tests.csproj", "{4199BE2A-D194-44E7-8027-2757CD51080A}"
EndProject
Project("{2150E333-8FDC-42A3-9474-1A3956D46DE8}") = "MiniBank", "MiniBank", "{6C6E99F9-A6A4-4DA8-8FF8-7E33906E986E}"
EndProject
Project("{FAE04EC0-301F-11D3-BF4B-00C04F79EFBC}") = "MiniBankModels", "MiniBankModels\MiniBankModels.csproj", "{1C85A562-7DDE-49FA-A940-196D45740A8C}"
EndProject
Project("{FAE04EC0-301F-11D3-BF4B-00C04F79EFBC}") = "MiniBankRepository", "MiniBankRepository\MiniBankRepository.csproj", "{43B91891-1463-4754-84A2-154E5D55D40C}"
EndProject
Project("{FAE04EC0-301F-11D3-BF4B-00C04F79EFBC}") = "MiniBank.Tests", "MiniBank.Tests\MiniBank.Tests.csproj", "{D9D65F7B-DA14-492E-AADE-2D2A86CB3FD1}"
EndProject
Global
	GlobalSection(SolutionConfigurationPlatforms) = preSolution
		Debug|Any CPU = Debug|Any CPU
		Release|Any CPU = Release|Any CPU
	EndGlobalSection
	GlobalSection(ProjectConfigurationPlatforms) = postSolution
		{5AEC2876-E95A-4B73-8718-5F13FE07538C}.Debug|Any CPU.ActiveCfg = Debug|Any CPU
		{5AEC2876-E95A-4B73-8718-5F13FE07538C}.Debug|Any CPU.Build.0 = Debug|Any CPU
		{5AEC2876-E95A-4B73-8718-5F13FE07538C}.Release|Any CPU.ActiveCfg = Release|Any CPU
		{5AEC2876-E95A-4B73-8718-5F13FE07538C}.Release|Any CPU.Build.0 = Release|Any CPU
		{83108DE9-88E8-44CB-95A5-B65439663A82}.Debug|Any CPU.ActiveCfg = Debug|Any CPU
		{83108DE9-88E8-44CB-95A5-B65439663A82}.Debug|Any CPU.Build.0 = Debug|Any CPU
		{83108DE9-88E8-44CB-95A5-B65439663A82}.Release|Any CPU.ActiveCfg = Release|Any CPU
		{83108DE9-88E8-44CB-95A5-B65439663A82}.Release|Any CPU.Build.0 = Release|Any CPU
		{4199BE2A-D194-44E7-8027-2757CD51080A}.Debug|Any CPU.ActiveCfg = Debug|Any CPU
		{4199BE2A-D194-44E7-8027-2757CD51080A}.Debug|Any CPU.Build.0 = Debug|Any CPU
		{4199BE2A-D194-44E7-8027-2757CD51080A}.Release|Any CPU.ActiveCfg = Release|Any CPU
		{4199BE2A-D194-44E7-8027-2757CD51080A}.Release|Any CPU.Build.0 = Release|Any CPU
		{1C85A562-7DDE-49FA-A940-196D45740A8C}.Debug|Any CPU.ActiveCfg = Debug|Any CPU
		{1C85A562-7DDE-49FA-A940-196D45740A8C}.Debug|Any CPU.Build.0 = Debug|Any CPU
		{1C85A562-7DDE-49FA-A940-196D45740A8C}.Release|Any CPU.ActiveCfg = Release|Any CPU
		{1C85A562-7DDE-49FA-A940-196D45740A8C}.Release|Any CPU.Build.0 = Release|Any CPU
		{43B91891-1463-4754-84A2-154E5D55D40C}.Debug|Any CPU.ActiveCfg = Debug|Any CPU
		{43B91891-1463-4754-84A2-154E5D55D40C}.Debug|Any CPU.Build.0 = Debug|Any CPU
		{43B91891-1463-4754-84A2-154E5D55D40C}.Release|Any CPU.ActiveCfg = Release|Any CPU
		{43B91891-1463-4754-84A2-154E5D55D40C}.Release|Any CPU.Build.0 = Release|Any CPU
		{D9D65F7B-DA14-492E-AADE-2D2A86CB3FD1}.Debug|Any CPU.ActiveCfg = Debug|Any CPU
		{D9D65F7B-DA14-492E-AADE-2D2A86CB3FD1}.Debug|Any CPU.Build.0 = Debug|Any CPU
		{D9D65F7B-DA14-492E-AADE-2D2A86CB3FD1}.Release|Any CPU.ActiveCfg = Release|Any CPU
		{D9D65F7B-DA14-492E-AADE-2D2A86CB3FD1}.Release|Any CPU.Build.0 = Release|Any CPU
	EndGlobalSection
	GlobalSection(SolutionProperties) = preSolution
		HideSolutionNode = FALSE
	EndGlobalSection
	GlobalSection(NestedProjects) = preSolution
		{1C85A562-7DDE-49FA-A940-196D45740A8C} = {6C6E99F9-A6A4-4DA8-8FF8-7E33906E986E}
		{43B91891-1463-4754-84A2-154E5D55D40C} = {6C6E99F9-A6A4-4DA8-8FF8-7E33906E986E}
		{D9D65F7B-DA14-492E-AADE-2D2A86CB3FD1} = {6C6E99F9-A6A4-4DA8-8FF8-7E33906E986E}
	EndGlobalSection
	GlobalSection(ExtensibilityGlobals) = postSolution
		SolutionGuid = {E49558B6-1B9B-4697-B55C-9632A22F09B3}
	EndGlobalSection
EndGlobal
